
Microsoft Visual Studio Solution File, Format Version 12.00
# Visual Studio Version 17
VisualStudioVersion = 17.8.34511.84
MinimumVisualStudioVersion = 10.0.40219.1
Project("{FAE04EC0-301F-11D3-BF4B-00C04F79EFBC}") = "ArmwrestlingReactionTrainer", "ArmwrestlingReactionTrainer\ArmwrestlingReactionTrainer.csproj", "{47874424-9B47-4D70-9A7F-A9A7ED7EEDD6}"
EndProject
Global
	GlobalSection(SolutionConfigurationPlatforms) = preSolution
		Debug|Any CPU = Debug|Any CPU
		Release|Any CPU = Release|Any CPU
	EndGlobalSection
	GlobalSection(ProjectConfigurationPlatforms) = postSolution
		{47874424-9B47-4D70-9A7F-A9A7ED7EEDD6}.Debug|Any CPU.ActiveCfg = Debug|Any CPU
		{47874424-9B47-4D70-9A7F-A9A7ED7EEDD6}.Debug|Any CPU.Build.0 = Debug|Any CPU
		{47874424-9B47-4D70-9A7F-A9A7ED7EEDD6}.Release|Any CPU.ActiveCfg = Release|Any CPU
		{47874424-9B47-4D70-9A7F-A9A7ED7EEDD6}.Release|Any CPU.Build.0 = Release|Any CPU
	EndGlobalSection
	GlobalSection(SolutionProperties) = preSolution
		HideSolutionNode = FALSE
	EndGlobalSection
	GlobalSection(ExtensibilityGlobals) = postSolution
		SolutionGuid = {141E66B0-7842-4256-8B29-08A209686820}
	EndGlobalSection
EndGlobal
